
Microsoft Visual Studio Solution File, Format Version 12.00
# Visual Studio 2012
Project("{FAE04EC0-301F-11D3-BF4B-00C04F79EFBC}") = "AttinyListener", "AttinyListener\AttinyListener.csproj", "{00984F96-66C4-426E-9A32-9C3226962F6D}"
EndProject
Global
	GlobalSection(SolutionConfigurationPlatforms) = preSolution
		Debug|x86 = Debug|x86
		Release|x86 = Release|x86
	EndGlobalSection
	GlobalSection(ProjectConfigurationPlatforms) = postSolution
		{00984F96-66C4-426E-9A32-9C3226962F6D}.Debug|x86.ActiveCfg = Debug|x86
		{00984F96-66C4-426E-9A32-9C3226962F6D}.Debug|x86.Build.0 = Debug|x86
		{00984F96-66C4-426E-9A32-9C3226962F6D}.Release|x86.ActiveCfg = Release|x86
		{00984F96-66C4-426E-9A32-9C3226962F6D}.Release|x86.Build.0 = Release|x86
	EndGlobalSection
	GlobalSection(MonoDevelopProperties) = preSolution
		StartupItem = AttinyListener\AttinyListener.csproj
	EndGlobalSection
EndGlobal
